
Microsoft Visual Studio Solution File, Format Version 12.00
# Visual Studio Version 17
VisualStudioVersion = 17.5.33502.453
MinimumVisualStudioVersion = 10.0.40219.1
Project("{2150E333-8FDC-42A3-9474-1A3956D46DE8}") = "Services", "Services", "{E283C270-954E-46CC-AD78-AD497F636D10}"
EndProject
Project("{2150E333-8FDC-42A3-9474-1A3956D46DE8}") = "Catalog", "Catalog", "{827C3268-611F-47CD-8E1C-DCA506092DF7}"
EndProject
Project("{9A19103F-16F7-4668-BE54-9A1E7A4F7556}") = "Catalog.API", "Services\Catalog\Catalog.API\Catalog.API.csproj", "{8F3C6E53-D463-4160-AD90-AB4CDB02E228}"
EndProject
Project("{E53339B2-1760-4266-BCC7-CA923CBCF16C}") = "docker-compose", "docker-compose.dcproj", "{189D7D39-C555-4173-8FA1-1D83B327A98F}"
EndProject
Project("{2150E333-8FDC-42A3-9474-1A3956D46DE8}") = "Basket", "Basket", "{1A710D11-B365-45EC-81FF-2F2ECBAC80C6}"
EndProject
Project("{9A19103F-16F7-4668-BE54-9A1E7A4F7556}") = "Basket.API", "Services\Basket\Basket.API\Basket.API.csproj", "{2AE0654D-B483-4D9C-83EF-A8499F4B28C0}"
EndProject
Project("{2150E333-8FDC-42A3-9474-1A3956D46DE8}") = "Discount", "Discount", "{1405791C-8ED8-4D79-9AD4-6881690E39EF}"
EndProject
Project("{9A19103F-16F7-4668-BE54-9A1E7A4F7556}") = "Discount.API", "Services\Discount\Discount.API\Discount.API.csproj", "{8CE8881F-03AF-4319-AFCB-AD1BC586C7AF}"
EndProject
Project("{9A19103F-16F7-4668-BE54-9A1E7A4F7556}") = "Discount.Grpc", "Services\Discount\Discount.Grpc\Discount.Grpc.csproj", "{5B9FF553-3182-481C-BEA5-2FB2C8F207E5}"
EndProject
Project("{2150E333-8FDC-42A3-9474-1A3956D46DE8}") = "Ordering", "Ordering", "{FEE773C8-30F8-4A0B-AC21-ED99A42EFDEE}"
EndProject
Project("{9A19103F-16F7-4668-BE54-9A1E7A4F7556}") = "Ordering.API", "Services\Ordering\Ordering.API\Ordering.API.csproj", "{47AA1F82-D7E1-44C9-9919-B87C4F4F8429}"
EndProject
Project("{9A19103F-16F7-4668-BE54-9A1E7A4F7556}") = "Ordering.Domain", "Services\Ordering\Ordering.Domain\Ordering.Domain.csproj", "{E655A5D0-3052-4E31-8D03-20B84B9E4C8C}"
EndProject
Project("{9A19103F-16F7-4668-BE54-9A1E7A4F7556}") = "Ordering.Application", "Services\Ordering\Ordering.Application\Ordering.Application.csproj", "{A607E19C-CF59-4F5B-97BD-4E63C99FC8F5}"
EndProject
Project("{9A19103F-16F7-4668-BE54-9A1E7A4F7556}") = "Ordering.Infrastructure", "Services\Ordering\Ordering.Infrastructure\Ordering.Infrastructure.csproj", "{863AD114-5F6E-47EE-922D-9945F0910937}"
EndProject
Project("{2150E333-8FDC-42A3-9474-1A3956D46DE8}") = "BuildingBlocks", "BuildingBlocks", "{F3F7D0B3-7795-4E5B-9AD2-1A8B1C8F51AF}"
EndProject
Project("{FAE04EC0-301F-11D3-BF4B-00C04F79EFBC}") = "EventBus.Messages", "BuildingBlocks\EventBus.Messages\EventBus.Messages.csproj", "{38F116AA-AE06-4815-8BE1-032BC9188A0D}"
EndProject
Project("{2150E333-8FDC-42A3-9474-1A3956D46DE8}") = "ApiGateways", "ApiGateways", "{50F0789E-A620-48E8-A2E5-5EED6A91A075}"
EndProject
Project("{FAE04EC0-301F-11D3-BF4B-00C04F79EFBC}") = "OcelotApiGw", "..\ApiGateways\OcelotApiGw\OcelotApiGw.csproj", "{25714CBF-89CE-443E-ADCD-942B63E14175}"
EndProject
Project("{FAE04EC0-301F-11D3-BF4B-00C04F79EFBC}") = "Shopping.Aggregator", "ApiGateways\Shopping.Aggregator\Shopping.Aggregator.csproj", "{8F2B9E41-61AA-4F41-B63D-EA2976F93B2B}"
EndProject
Global
	GlobalSection(SolutionConfigurationPlatforms) = preSolution
		Debug|Any CPU = Debug|Any CPU
		Release|Any CPU = Release|Any CPU
	EndGlobalSection
	GlobalSection(ProjectConfigurationPlatforms) = postSolution
		{8F3C6E53-D463-4160-AD90-AB4CDB02E228}.Debug|Any CPU.ActiveCfg = Debug|Any CPU
		{8F3C6E53-D463-4160-AD90-AB4CDB02E228}.Debug|Any CPU.Build.0 = Debug|Any CPU
		{8F3C6E53-D463-4160-AD90-AB4CDB02E228}.Release|Any CPU.ActiveCfg = Release|Any CPU
		{8F3C6E53-D463-4160-AD90-AB4CDB02E228}.Release|Any CPU.Build.0 = Release|Any CPU
		{189D7D39-C555-4173-8FA1-1D83B327A98F}.Debug|Any CPU.ActiveCfg = Debug|Any CPU
		{189D7D39-C555-4173-8FA1-1D83B327A98F}.Debug|Any CPU.Build.0 = Debug|Any CPU
		{189D7D39-C555-4173-8FA1-1D83B327A98F}.Release|Any CPU.ActiveCfg = Release|Any CPU
		{189D7D39-C555-4173-8FA1-1D83B327A98F}.Release|Any CPU.Build.0 = Release|Any CPU
		{2AE0654D-B483-4D9C-83EF-A8499F4B28C0}.Debug|Any CPU.ActiveCfg = Debug|Any CPU
		{2AE0654D-B483-4D9C-83EF-A8499F4B28C0}.Debug|Any CPU.Build.0 = Debug|Any CPU
		{2AE0654D-B483-4D9C-83EF-A8499F4B28C0}.Release|Any CPU.ActiveCfg = Release|Any CPU
		{2AE0654D-B483-4D9C-83EF-A8499F4B28C0}.Release|Any CPU.Build.0 = Release|Any CPU
		{8CE8881F-03AF-4319-AFCB-AD1BC586C7AF}.Debug|Any CPU.ActiveCfg = Debug|Any CPU
		{8CE8881F-03AF-4319-AFCB-AD1BC586C7AF}.Debug|Any CPU.Build.0 = Debug|Any CPU
		{8CE8881F-03AF-4319-AFCB-AD1BC586C7AF}.Release|Any CPU.ActiveCfg = Release|Any CPU
		{8CE8881F-03AF-4319-AFCB-AD1BC586C7AF}.Release|Any CPU.Build.0 = Release|Any CPU
		{5B9FF553-3182-481C-BEA5-2FB2C8F207E5}.Debug|Any CPU.ActiveCfg = Debug|Any CPU
		{5B9FF553-3182-481C-BEA5-2FB2C8F207E5}.Debug|Any CPU.Build.0 = Debug|Any CPU
		{5B9FF553-3182-481C-BEA5-2FB2C8F207E5}.Release|Any CPU.ActiveCfg = Release|Any CPU
		{5B9FF553-3182-481C-BEA5-2FB2C8F207E5}.Release|Any CPU.Build.0 = Release|Any CPU
		{47AA1F82-D7E1-44C9-9919-B87C4F4F8429}.Debug|Any CPU.ActiveCfg = Debug|Any CPU
		{47AA1F82-D7E1-44C9-9919-B87C4F4F8429}.Debug|Any CPU.Build.0 = Debug|Any CPU
		{47AA1F82-D7E1-44C9-9919-B87C4F4F8429}.Release|Any CPU.ActiveCfg = Release|Any CPU
		{47AA1F82-D7E1-44C9-9919-B87C4F4F8429}.Release|Any CPU.Build.0 = Release|Any CPU
		{E655A5D0-3052-4E31-8D03-20B84B9E4C8C}.Debug|Any CPU.ActiveCfg = Debug|Any CPU
		{E655A5D0-3052-4E31-8D03-20B84B9E4C8C}.Debug|Any CPU.Build.0 = Debug|Any CPU
		{E655A5D0-3052-4E31-8D03-20B84B9E4C8C}.Release|Any CPU.ActiveCfg = Release|Any CPU
		{E655A5D0-3052-4E31-8D03-20B84B9E4C8C}.Release|Any CPU.Build.0 = Release|Any CPU
		{A607E19C-CF59-4F5B-97BD-4E63C99FC8F5}.Debug|Any CPU.ActiveCfg = Debug|Any CPU
		{A607E19C-CF59-4F5B-97BD-4E63C99FC8F5}.Debug|Any CPU.Build.0 = Debug|Any CPU
		{A607E19C-CF59-4F5B-97BD-4E63C99FC8F5}.Release|Any CPU.ActiveCfg = Release|Any CPU
		{A607E19C-CF59-4F5B-97BD-4E63C99FC8F5}.Release|Any CPU.Build.0 = Release|Any CPU
		{863AD114-5F6E-47EE-922D-9945F0910937}.Debug|Any CPU.ActiveCfg = Debug|Any CPU
		{863AD114-5F6E-47EE-922D-9945F0910937}.Debug|Any CPU.Build.0 = Debug|Any CPU
		{863AD114-5F6E-47EE-922D-9945F0910937}.Release|Any CPU.ActiveCfg = Release|Any CPU
		{863AD114-5F6E-47EE-922D-9945F0910937}.Release|Any CPU.Build.0 = Release|Any CPU
		{38F116AA-AE06-4815-8BE1-032BC9188A0D}.Debug|Any CPU.ActiveCfg = Debug|Any CPU
		{38F116AA-AE06-4815-8BE1-032BC9188A0D}.Debug|Any CPU.Build.0 = Debug|Any CPU
		{38F116AA-AE06-4815-8BE1-032BC9188A0D}.Release|Any CPU.ActiveCfg = Release|Any CPU
		{38F116AA-AE06-4815-8BE1-032BC9188A0D}.Release|Any CPU.Build.0 = Release|Any CPU
		{25714CBF-89CE-443E-ADCD-942B63E14175}.Debug|Any CPU.ActiveCfg = Debug|Any CPU
		{25714CBF-89CE-443E-ADCD-942B63E14175}.Debug|Any CPU.Build.0 = Debug|Any CPU
		{25714CBF-89CE-443E-ADCD-942B63E14175}.Release|Any CPU.ActiveCfg = Release|Any CPU
		{25714CBF-89CE-443E-ADCD-942B63E14175}.Release|Any CPU.Build.0 = Release|Any CPU
		{8F2B9E41-61AA-4F41-B63D-EA2976F93B2B}.Debug|Any CPU.ActiveCfg = Debug|Any CPU
		{8F2B9E41-61AA-4F41-B63D-EA2976F93B2B}.Debug|Any CPU.Build.0 = Debug|Any CPU
		{8F2B9E41-61AA-4F41-B63D-EA2976F93B2B}.Release|Any CPU.ActiveCfg = Release|Any CPU
		{8F2B9E41-61AA-4F41-B63D-EA2976F93B2B}.Release|Any CPU.Build.0 = Release|Any CPU
	EndGlobalSection
	GlobalSection(SolutionProperties) = preSolution
		HideSolutionNode = FALSE
	EndGlobalSection
	GlobalSection(NestedProjects) = preSolution
		{827C3268-611F-47CD-8E1C-DCA506092DF7} = {E283C270-954E-46CC-AD78-AD497F636D10}
		{8F3C6E53-D463-4160-AD90-AB4CDB02E228} = {827C3268-611F-47CD-8E1C-DCA506092DF7}
		{1A710D11-B365-45EC-81FF-2F2ECBAC80C6} = {E283C270-954E-46CC-AD78-AD497F636D10}
		{2AE0654D-B483-4D9C-83EF-A8499F4B28C0} = {1A710D11-B365-45EC-81FF-2F2ECBAC80C6}
		{1405791C-8ED8-4D79-9AD4-6881690E39EF} = {E283C270-954E-46CC-AD78-AD497F636D10}
		{8CE8881F-03AF-4319-AFCB-AD1BC586C7AF} = {1405791C-8ED8-4D79-9AD4-6881690E39EF}
		{5B9FF553-3182-481C-BEA5-2FB2C8F207E5} = {1405791C-8ED8-4D79-9AD4-6881690E39EF}
		{FEE773C8-30F8-4A0B-AC21-ED99A42EFDEE} = {E283C270-954E-46CC-AD78-AD497F636D10}
		{47AA1F82-D7E1-44C9-9919-B87C4F4F8429} = {FEE773C8-30F8-4A0B-AC21-ED99A42EFDEE}
		{E655A5D0-3052-4E31-8D03-20B84B9E4C8C} = {FEE773C8-30F8-4A0B-AC21-ED99A42EFDEE}
		{A607E19C-CF59-4F5B-97BD-4E63C99FC8F5} = {FEE773C8-30F8-4A0B-AC21-ED99A42EFDEE}
		{863AD114-5F6E-47EE-922D-9945F0910937} = {FEE773C8-30F8-4A0B-AC21-ED99A42EFDEE}
		{38F116AA-AE06-4815-8BE1-032BC9188A0D} = {F3F7D0B3-7795-4E5B-9AD2-1A8B1C8F51AF}
		{25714CBF-89CE-443E-ADCD-942B63E14175} = {50F0789E-A620-48E8-A2E5-5EED6A91A075}
		{8F2B9E41-61AA-4F41-B63D-EA2976F93B2B} = {50F0789E-A620-48E8-A2E5-5EED6A91A075}
	EndGlobalSection
	GlobalSection(ExtensibilityGlobals) = postSolution
		SolutionGuid = {EBE42FC4-E4C0-4C4A-B6B7-2C825F5DFC3E}
	EndGlobalSection
EndGlobal
