
Microsoft Visual Studio Solution File, Format Version 12.00
# Visual Studio Version 17
VisualStudioVersion = 17.5.33502.453
MinimumVisualStudioVersion = 10.0.40219.1
Project("{2150E333-8FDC-42A3-9474-1A3956D46DE8}") = "Services", "Services", "{E283C270-954E-46CC-AD78-AD497F636D10}"
EndProject
Project("{2150E333-8FDC-42A3-9474-1A3956D46DE8}") = "Catalog", "Catalog", "{827C3268-611F-47CD-8E1C-DCA506092DF7}"
EndProject
Project("{FAE04EC0-301F-11D3-BF4B-00C04F79EFBC}") = "Catalog.API", "Services\Catalog\Catalog.API\Catalog.API.csproj", "{8F3C6E53-D463-4160-AD90-AB4CDB02E228}"
EndProject
Global
	GlobalSection(SolutionConfigurationPlatforms) = preSolution
		Debug|Any CPU = Debug|Any CPU
		Release|Any CPU = Release|Any CPU
	EndGlobalSection
	GlobalSection(ProjectConfigurationPlatforms) = postSolution
		{8F3C6E53-D463-4160-AD90-AB4CDB02E228}.Debug|Any CPU.ActiveCfg = Debug|Any CPU
		{8F3C6E53-D463-4160-AD90-AB4CDB02E228}.Debug|Any CPU.Build.0 = Debug|Any CPU
		{8F3C6E53-D463-4160-AD90-AB4CDB02E228}.Release|Any CPU.ActiveCfg = Release|Any CPU
		{8F3C6E53-D463-4160-AD90-AB4CDB02E228}.Release|Any CPU.Build.0 = Release|Any CPU
	EndGlobalSection
	GlobalSection(SolutionProperties) = preSolution
		HideSolutionNode = FALSE
	EndGlobalSection
	GlobalSection(NestedProjects) = preSolution
		{827C3268-611F-47CD-8E1C-DCA506092DF7} = {E283C270-954E-46CC-AD78-AD497F636D10}
		{8F3C6E53-D463-4160-AD90-AB4CDB02E228} = {827C3268-611F-47CD-8E1C-DCA506092DF7}
	EndGlobalSection
	GlobalSection(ExtensibilityGlobals) = postSolution
		SolutionGuid = {EBE42FC4-E4C0-4C4A-B6B7-2C825F5DFC3E}
	EndGlobalSection
EndGlobal
